
Microsoft Visual Studio Solution File, Format Version 12.00
# Visual Studio Version 17
VisualStudioVersion = 17.11.35208.52
MinimumVisualStudioVersion = 10.0.40219.1
Project("{FAE04EC0-301F-11D3-BF4B-00C04F79EFBC}") = "t1tashpa_car", "t1tashpa_car\t1tashpa_car.csproj", "{97575074-54F2-4AD0-9B46-F9DDE1089BF1}"
EndProject
Global
	GlobalSection(SolutionConfigurationPlatforms) = preSolution
		Debug|Any CPU = Debug|Any CPU
		Release|Any CPU = Release|Any CPU
	EndGlobalSection
	GlobalSection(ProjectConfigurationPlatforms) = postSolution
		{97575074-54F2-4AD0-9B46-F9DDE1089BF1}.Debug|Any CPU.ActiveCfg = Debug|Any CPU
		{97575074-54F2-4AD0-9B46-F9DDE1089BF1}.Debug|Any CPU.Build.0 = Debug|Any CPU
		{97575074-54F2-4AD0-9B46-F9DDE1089BF1}.Release|Any CPU.ActiveCfg = Release|Any CPU
		{97575074-54F2-4AD0-9B46-F9DDE1089BF1}.Release|Any CPU.Build.0 = Release|Any CPU
	EndGlobalSection
	GlobalSection(SolutionProperties) = preSolution
		HideSolutionNode = FALSE
	EndGlobalSection
	GlobalSection(ExtensibilityGlobals) = postSolution
		SolutionGuid = {40B8FDF7-A577-4D00-B015-3B3CC78E5950}
	EndGlobalSection
EndGlobal
